
Microsoft Visual Studio Solution File, Format Version 12.00
# Visual Studio Version 17
VisualStudioVersion = 17.0.32014.148
MinimumVisualStudioVersion = 10.0.40219.1
Project("{9A19103F-16F7-4668-BE54-9A1E7A4F7556}") = "PokeApi", "PokeApi\PokeApi.csproj", "{049FE4F9-2294-4AA3-A026-8FA70FE94A30}"
EndProject
Project("{FAE04EC0-301F-11D3-BF4B-00C04F79EFBC}") = "PokeApiTests", "PokeApiTests\PokeApiTests.csproj", "{E439D0A7-8C6D-4688-894D-4CC3E2B90F5B}"
EndProject
Global
	GlobalSection(SolutionConfigurationPlatforms) = preSolution
		Debug|Any CPU = Debug|Any CPU
		Release|Any CPU = Release|Any CPU
	EndGlobalSection
	GlobalSection(ProjectConfigurationPlatforms) = postSolution
		{049FE4F9-2294-4AA3-A026-8FA70FE94A30}.Debug|Any CPU.ActiveCfg = Debug|Any CPU
		{049FE4F9-2294-4AA3-A026-8FA70FE94A30}.Debug|Any CPU.Build.0 = Debug|Any CPU
		{049FE4F9-2294-4AA3-A026-8FA70FE94A30}.Release|Any CPU.ActiveCfg = Release|Any CPU
		{049FE4F9-2294-4AA3-A026-8FA70FE94A30}.Release|Any CPU.Build.0 = Release|Any CPU
		{E439D0A7-8C6D-4688-894D-4CC3E2B90F5B}.Debug|Any CPU.ActiveCfg = Debug|Any CPU
		{E439D0A7-8C6D-4688-894D-4CC3E2B90F5B}.Debug|Any CPU.Build.0 = Debug|Any CPU
		{E439D0A7-8C6D-4688-894D-4CC3E2B90F5B}.Release|Any CPU.ActiveCfg = Release|Any CPU
		{E439D0A7-8C6D-4688-894D-4CC3E2B90F5B}.Release|Any CPU.Build.0 = Release|Any CPU
	EndGlobalSection
	GlobalSection(SolutionProperties) = preSolution
		HideSolutionNode = FALSE
	EndGlobalSection
	GlobalSection(ExtensibilityGlobals) = postSolution
		SolutionGuid = {4EBCBF5D-245E-447F-B848-5F413783A911}
	EndGlobalSection
EndGlobal
